
Microsoft Visual Studio Solution File, Format Version 12.00
# Visual Studio 15
VisualStudioVersion = 15.0.27428.2015
MinimumVisualStudioVersion = 10.0.40219.1
Project("{888888A0-9F3D-457C-B088-3A5042F75D52}") = "ITSKenpoLogin", "ITSKenpoLogin\ITSKenpoLogin.pyproj", "{6F1F3934-A579-4544-8720-D947712D5293}"
EndProject
Global
	GlobalSection(SolutionConfigurationPlatforms) = preSolution
		Debug|Any CPU = Debug|Any CPU
		Release|Any CPU = Release|Any CPU
	EndGlobalSection
	GlobalSection(ProjectConfigurationPlatforms) = postSolution
		{6F1F3934-A579-4544-8720-D947712D5293}.Debug|Any CPU.ActiveCfg = Debug|Any CPU
		{6F1F3934-A579-4544-8720-D947712D5293}.Release|Any CPU.ActiveCfg = Release|Any CPU
	EndGlobalSection
	GlobalSection(SolutionProperties) = preSolution
		HideSolutionNode = FALSE
	EndGlobalSection
	GlobalSection(ExtensibilityGlobals) = postSolution
		SolutionGuid = {D0530165-2331-4214-B0D5-5A66C07450B5}
	EndGlobalSection
EndGlobal
